
Microsoft Visual Studio Solution File, Format Version 12.00
# Visual Studio Version 16
VisualStudioVersion = 16.0.31515.178
MinimumVisualStudioVersion = 10.0.40219.1
Project("{9A19103F-16F7-4668-BE54-9A1E7A4F7556}") = "BookStore", "BookStore\BookStore.csproj", "{BA9DBA26-6E1A-4B45-8869-259372BF7876}"
EndProject
Global
	GlobalSection(SolutionConfigurationPlatforms) = preSolution
		Debug|Any CPU = Debug|Any CPU
		Release|Any CPU = Release|Any CPU
	EndGlobalSection
	GlobalSection(ProjectConfigurationPlatforms) = postSolution
		{BA9DBA26-6E1A-4B45-8869-259372BF7876}.Debug|Any CPU.ActiveCfg = Debug|Any CPU
		{BA9DBA26-6E1A-4B45-8869-259372BF7876}.Debug|Any CPU.Build.0 = Debug|Any CPU
		{BA9DBA26-6E1A-4B45-8869-259372BF7876}.Release|Any CPU.ActiveCfg = Release|Any CPU
		{BA9DBA26-6E1A-4B45-8869-259372BF7876}.Release|Any CPU.Build.0 = Release|Any CPU
	EndGlobalSection
	GlobalSection(SolutionProperties) = preSolution
		HideSolutionNode = FALSE
	EndGlobalSection
	GlobalSection(ExtensibilityGlobals) = postSolution
		SolutionGuid = {319614B1-0DFC-467C-94AB-749F7C736B18}
	EndGlobalSection
EndGlobal
